{
  "name": "onix",
  "version": "1.0.0",
  "lockfileVersion": 1,
  "requires": true,
  "dependencies": {
    "@bazel/bazelisk": {
      "version": "1.7.3",
      "resolved": "https://registry.npmjs.org/@bazel/bazelisk/-/bazelisk-1.7.3.tgz",
      "integrity": "sha512-A+QLZvKifKnbFawH5aaCnooPx0Ia5JS3S8SckKB034GVB3BjtUTCwjaxzxG3ARQ6Jq1vDcQwWgF2bjT9FjrdDg==",
      "dev": true
    },
    "@types/node": {
      "version": "14.14.25",
      "resolved": "https://registry.npmjs.org/@types/node/-/node-14.14.25.tgz",
      "integrity": "sha512-EPpXLOVqDvisVxtlbvzfyqSsFeQxltFbluZNRndIb8tr9KiBnYNLzrc1N3pyKUCww2RNrfHDViqDWWE1LCJQtQ==",
      "dev": true
    },
    "fast-xml-parser": {
      "version": "3.17.6",
      "resolved": "https://registry.npmjs.org/fast-xml-parser/-/fast-xml-parser-3.17.6.tgz",
      "integrity": "sha512-40WHI/5d2MOzf1sD2bSaTXlPn1lueJLAX6j1xH5dSAr6tNeut8B9ktEL6sjAK9yVON4uNj9//axOdBJUuruCzw==",
      "dev": true
    }
  }
}
