{
  "name": "onix",
  "version": "1.0.0",
  "lockfileVersion": 1,
  "requires": true,
  "dependencies": {
    "@bazel/bazelisk": {
      "version": "1.28.1",
      "resolved": "https://registry.npmjs.org/@bazel/bazelisk/-/bazelisk-1.28.1.tgz",
      "integrity": "sha512-K21x83NXOtd0yb2qzjMES3UV4xEWZ1q1vnXFhADA1u7IoiMVQkJAVQRK3oZ5txpnrGafY15HS+YYr2nmsEP4Tg==",
      "dev": true
    },
    "@types/node": {
      "version": "14.14.25",
      "resolved": "https://registry.npmjs.org/@types/node/-/node-14.14.25.tgz",
      "integrity": "sha512-EPpXLOVqDvisVxtlbvzfyqSsFeQxltFbluZNRndIb8tr9KiBnYNLzrc1N3pyKUCww2RNrfHDViqDWWE1LCJQtQ==",
      "dev": true
    },
    "fast-xml-parser": {
      "version": "3.17.6",
      "resolved": "https://registry.npmjs.org/fast-xml-parser/-/fast-xml-parser-3.17.6.tgz",
      "integrity": "sha512-40WHI/5d2MOzf1sD2bSaTXlPn1lueJLAX6j1xH5dSAr6tNeut8B9ktEL6sjAK9yVON4uNj9//axOdBJUuruCzw==",
      "dev": true
    }
  }
}
