# This file was autogenerated by Stack.
# You should not edit this file by hand.
# For more information, please see the documentation at:
#   https://docs.haskellstack.org/en/stable/lock_files

packages:
- completed:
    hackage: HUnit-1.6.1.0@sha256:62af6d70183d93944b98a8d9cb2ba4484b91303f74ebbb94425f7389d418c344,1572
    pantry-tree:
      size: 878
      sha256: c42729ab00656f53d6a1114cf498574c62a8c595fa3d877639b5179a70dc6c8d
  original:
    hackage: HUnit-1.6.1.0
snapshots:
- completed:
    size: 533252
    url: https://raw.githubusercontent.com/commercialhaskell/stackage-snapshots/master/lts/16/27.yaml
    sha256: c2aaae52beeacf6a5727c1010f50e89d03869abfab6d2c2658ade9da8ed50c73
  original:
    url: https://raw.githubusercontent.com/commercialhaskell/stackage-snapshots/master/lts/16/27.yaml
